
Microsoft Visual Studio Solution File, Format Version 12.00
# Visual Studio Version 17
VisualStudioVersion = 17.12.35527.113 d17.12
MinimumVisualStudioVersion = 10.0.40219.1
Project("{FAE04EC0-301F-11D3-BF4B-00C04F79EFBC}") = "project-trump", "project-trump\project-trump.csproj", "{492639D0-58BB-4D26-8CA7-55E75F2546B0}"
EndProject
Global
	GlobalSection(SolutionConfigurationPlatforms) = preSolution
		Debug|Any CPU = Debug|Any CPU
		Release|Any CPU = Release|Any CPU
	EndGlobalSection
	GlobalSection(ProjectConfigurationPlatforms) = postSolution
		{492639D0-58BB-4D26-8CA7-55E75F2546B0}.Debug|Any CPU.ActiveCfg = Debug|Any CPU
		{492639D0-58BB-4D26-8CA7-55E75F2546B0}.Debug|Any CPU.Build.0 = Debug|Any CPU
		{492639D0-58BB-4D26-8CA7-55E75F2546B0}.Release|Any CPU.ActiveCfg = Release|Any CPU
		{492639D0-58BB-4D26-8CA7-55E75F2546B0}.Release|Any CPU.Build.0 = Release|Any CPU
	EndGlobalSection
	GlobalSection(SolutionProperties) = preSolution
		HideSolutionNode = FALSE
	EndGlobalSection
EndGlobal
